{
  "version": 4,
  "terraform_version": "1.3.3",
  "serial": 13,
  "lineage": "f31bd2d4-1f4a-a7d2-d753-05b29ac62ae1",
  "outputs": {
    "public_ip_address": {
      "value": "52.136.194.111",
      "type": "string"
    },
    "resource_group_name": {
      "value": "rg-prepared-aphid",
      "type": "string"
    },
    "tls_private_key": {
      "value": "-----BEGIN RSA PRIVATE KEY-----\nMIIJKQIBAAKCAgEA0mnsKw4wIIJBEnlMKhXbUlfYji4J48yv1RET9/1kCbg2e6Cm\nCNfK6V004iyWsoq84tOw12rHivWAEbraA0cTqyp312FUfIP0HLhn882pmSVs68IX\nU9hOVN/x4vbjTozgGh3OnLSWoD/AInDoXmlqk+qynPa0FUnf26SVWKHrDxN1w8pE\n2vNTiZcmT1muT37KuY9qJAsPUVDWMPz7OuFqqpUD+lyj5GeQxqc8zTbeVAi8M+bW\nB03nJyFXcedGKu9dTdme9ktRBHAV4nIPPhBkt6hdPeG/6ug8k+wnwaRdpK/1X6wW\nagx5sET7QIXOXwO7H8KCasmmMdhyOiwYj7EJwqT42GPfMwFREJg5fISIKKeqYv+H\n9AJDQ/ZwCrCPs+8okHBnFz2wMZ8YhuQYlImZX+ypmu6SLSkzbsDIKnMGPB/H3To/\nkEGzLRP/QMZnnayVp5nufWW2hFjORobziWc3nGCC3vVouyknHK46d0PzijI1fDBF\nUjnFSH6J/gw2xPQYCq0TMTxezHRKu7ISzckSB+nlgcRlRsKejoYaqoKnWCAi7KXn\n24ECc/wYXKajdTbgUN8QsFrZGl6h5tph0K7aFdvdix4UOF6QWJtxeR6n85AXhyDN\nWdeHTHjZAM+y2MDu7aM53m+f5lcyxVbskqf4sdEIO4OmvxO1HdH/Fm+Js4kCAwEA\nAQKCAgBVbl5OSO9vc5NaHde3yrIG59XsPHMVg7jsiIeUC9S/QYUVgu+G7Z7cS1S6\ndCInkb8JVawaeqdUG0OJb1UvOX+Z4p9P2pvEBotp0dGbIqi2noRv4Jk6GLwNJ/P9\nFALMlNQ0pl+KLqRtohSvpyohkymLryIgKuaJMjpq4pMkrnFS6LLK8OguAdesKKuM\nUjw82J0U5E7THY51lJ2yvDSA/p8hbWl1EIIWrZoRnjtIkvuIIRfQ9ut1gcLVl2r6\nu005B4DZp/8rvv7BD4VDMM5Rg7RxATICexNCHFLkOGEX9VV0FWFKHAPpwPDzib59\nvxZAa7JhPcdX9lG9MUWHqvm59cag/WLIi7qQOezgO2ZT/9c/1YueVRmNbtqnorI7\nPlhJdXuXvXaVp7o3Z4E/SnB3EAqLSVcX1sBl481WPS+fIBka45wukxrZVzVrE6Q6\nEBQfaRwVMH2WGQVAhxAGk92RiAgQsLq23cxn8zjJ0Lht93yHtPyxA9lTEnP9tPeA\nRFyMdlIHPc0ZbM/sYhDM1rSu/qstlCpjMrgsoiBQZ4oyhwX4/68kNqkrFx/BrOhe\nEV4eXFyhkAKeIm+aGi3GiZ9pID5xb755g0I2VqPnPo7vFjlx/1PwNZVmfFO4Vaob\nVYtdNvuIJnVjGGbBep03CkD47yE8+jrBm+uWIY7SrnB5/Ez2BQKCAQEA34gPr9uZ\npxZcFFEqHCMapk89kGDR93a841sCPEDJoKzg1Fzt9o3dDs5u+DzVWmFqQhZnKyA5\n2a1vvHd4JLH6sp1+7NfjiH0zwFP5xOfIt44lfe3oyvtlGxwE3a6RIU8u1p3HgDoa\n6Z7GRY30M5KX4mnyn6mlKzPpxwVeL86woQJ3vQlAFmlyoiieq1suHtOqQvgSqxl4\noz0lzB+2aPLQOhbRr76Dz2Paz2Djn6As3PF86bcHyuif9nPJ6S2v8pyybR9fRX5Q\n+G4Ck2w/T8a78IgovQk/vUXSsKZDuAKq8L2jP52h+hXAJg3psAxOOxoU84bLGSFG\nQeZDMuH9+snBawKCAQEA8PoVShtwmBIkbnKd/LnWHELV68M8KxrRKTYXN3r9dEXu\nsU7kIVDiVqePwF/sFukdLhjt/rAQ2DaxBBXt/IzRABztI8MWWYjEkNXQVI3Q2Mma\n6AN69YnR25tcyIaoJ6UOWjXVVDpu4LZh4bEOVedKIpLNr0G45IPDvs8CoSTom97d\nWzEsZ1aJ0bLUmJBL9etREJLoiBXxyyuL9ZNMXoIlgBWrXLS7LgScEuJpIHLMy9pb\nCbc6n/NvqaGzPA3R+5PkY1fSmyPfVBo3mxx2pgjJF4+ao8lfnZFydPbgxRPGnf5d\ny1sbjGP3Ig++YYAToKgelnLsQho860ZVHHE+n7n32wKCAQEAkkqO0a3ryoGEs7tG\nzvFegJd9mB71a3pnNniaZuqTyrc50WIcTu8bTJRn5ciSbTsx+pyE2qGVmtO6O+MI\nWyOsCfevWLwV6n7ePrH21hpHr3G1McxhPW74BZz5xkd4Lg+PfN/38ACXGmxSILU9\nq/71rjVel4XEVhj8l8b4lFs2F7nwuWPzcHeEkYH6DfV3oq8uT/Pg69+Yp2TedtAO\nZnL7OfkzNEyAIVudmXk0n4SJt/PHp4Gk9PP3tKik7Rl8fFB3KZmNlYKM5XnB78+5\nQ7Gx0EKcPtNtxqaKtBesXCJK05GY5Ip6tpxDi+QxG4mCLYXtTk/aXdD8FSbotcVX\nnikqjwKCAQEAj/ITPY1emLhdosw8q3am+4LBHnAlROpj/uYcwDtro0US7D9f7rbO\nPU0ihZvG/3iIwbyKjhTGOyGQZAxlePL09chRr4cdlqYoJQxTwe5kztq++dD6ZinJ\nfhE0P2SQlf32sNRvdjzhdsH7fkGxeocKtdRToVj1BSvghd5Kh8/wUwux1oNtLt12\nvhjA/dFUTrYeWnQnCwNwyBhfJnayq9G6bOSE1H/xP+/o+y7b9VIeG7d3ojodfuZ/\n0SiSVFE9GbaiOuV/HMU05pwykylRhqTA2p4hlaz4vLrhUBUY9yB1CHOlu4/UyOv9\n+A7Hfp5vGwzSGLTVhDcAJNqChNbwvaDs+QKCAQBnNxsPN9ng7UpAy8h5EW1o5mYs\niW6XrMF8gL6g/HjtdAGZkErIeDtprOfjYXATA5ea9Swhj6BEMc+DppUTD5UpBVaP\n2iK9mT6sRlD8dg5T2E307KTwnYduCe9NFB7g7hqKwXN1OYVQVJD0aN1m4pe2ZFTj\nLal/Ncq/HVONfCnzQVjGO1TrPjKtM3XNSzAoNRBgH3/UEMGJgmZtFDofgBJV5w8Z\ne9ybE3l41AvclX8sBVjf3ZRbhf7c6CbCX/rtJTekT+RDYVq+BJnioTYqvPEJscJQ\nXZIw81emSVqyTWfAAywVrZauuTZ5eER+/kg+RYoF5AyIEL2D4aeGGWbKyj0z\n-----END RSA PRIVATE KEY-----\n",
      "type": "string",
      "sensitive": true
    }
  },
  "resources": [
    {
      "mode": "managed",
      "type": "azurerm_linux_virtual_machine",
      "name": "my_terraform_vm",
      "provider": "provider[\"registry.terraform.io/hashicorp/azurerm\"]",
      "instances": [
        {
          "schema_version": 0,
          "attributes": {
            "additional_capabilities": [],
            "admin_password": null,
            "admin_ssh_key": [
              {
                "public_key": "ssh-rsa AAAAB3NzaC1yc2EAAAADAQABAAACAQDSaewrDjAggkESeUwqFdtSV9iOLgnjzK/VERP3/WQJuDZ7oKYI18rpXTTiLJayirzi07DXaseK9YARutoDRxOrKnfXYVR8g/QcuGfzzamZJWzrwhdT2E5U3/Hi9uNOjOAaHc6ctJagP8AicOheaWqT6rKc9rQVSd/bpJVYoesPE3XDykTa81OJlyZPWa5Pfsq5j2okCw9RUNYw/Ps64WqqlQP6XKPkZ5DGpzzNNt5UCLwz5tYHTecnIVdx50Yq711N2Z72S1EEcBXicg8+EGS3qF094b/q6DyT7CfBpF2kr/VfrBZqDHmwRPtAhc5fA7sfwoJqyaYx2HI6LBiPsQnCpPjYY98zAVEQmDl8hIgop6pi/4f0AkND9nAKsI+z7yiQcGcXPbAxnxiG5BiUiZlf7Kma7pItKTNuwMgqcwY8H8fdOj+QQbMtE/9AxmedrJWnme59ZbaEWM5GhvOJZzecYILe9Wi7KSccrjp3Q/OKMjV8MEVSOcVIfon+DDbE9BgKrRMxPF7MdEq7shLNyRIH6eWBxGVGwp6OhhqqgqdYICLspefbgQJz/BhcpqN1NuBQ3xCwWtkaXqHm2mHQrtoV292LHhQ4XpBYm3F5HqfzkBeHIM1Z14dMeNkAz7LYwO7tozneb5/mVzLFVuySp/ix0Qg7g6a/E7Ud0f8Wb4mziQ==\n",
                "username": "azureuser"
              }
            ],
            "admin_username": "azureuser",
            "allow_extension_operations": true,
            "availability_set_id": "",
            "boot_diagnostics": [
              {
                "storage_account_uri": "https://diag736f18c2986f9130.blob.core.windows.net/"
              }
            ],
            "computer_name": "koschiVM",
            "custom_data": null,
            "dedicated_host_group_id": "",
            "dedicated_host_id": "",
            "disable_password_authentication": true,
            "encryption_at_host_enabled": false,
            "eviction_policy": "",
            "extensions_time_budget": "PT1H30M",
            "id": "/subscriptions/dfd9305e-9b3e-4306-863a-bc5c50d115ff/resourceGroups/rg-prepared-aphid/providers/Microsoft.Compute/virtualMachines/koschiVM",
            "identity": [],
            "license_type": "",
            "location": "westeurope",
            "max_bid_price": -1,
            "name": "koschiVM",
            "network_interface_ids": [
              "/subscriptions/dfd9305e-9b3e-4306-863a-bc5c50d115ff/resourceGroups/rg-prepared-aphid/providers/Microsoft.Network/networkInterfaces/koschiNIC"
            ],
            "os_disk": [
              {
                "caching": "ReadWrite",
                "diff_disk_settings": [],
                "disk_encryption_set_id": "",
                "disk_size_gb": 30,
                "name": "koschidisk",
                "storage_account_type": "Premium_LRS",
                "write_accelerator_enabled": false
              }
            ],
            "patch_mode": "ImageDefault",
            "plan": [],
            "platform_fault_domain": -1,
            "priority": "Regular",
            "private_ip_address": "10.0.1.4",
            "private_ip_addresses": [
              "10.0.1.4"
            ],
            "provision_vm_agent": true,
            "proximity_placement_group_id": "",
            "public_ip_address": "52.136.194.111",
            "public_ip_addresses": [
              "52.136.194.111"
            ],
            "resource_group_name": "rg-prepared-aphid",
            "secret": [],
            "secure_boot_enabled": false,
            "size": "Standard_DS1_v2",
            "source_image_id": "",
            "source_image_reference": [
              {
                "offer": "UbuntuServer",
                "publisher": "Canonical",
                "sku": "18.04-LTS",
                "version": "latest"
              }
            ],
            "tags": null,
            "timeouts": null,
            "user_data": "",
            "virtual_machine_id": "b09df14c-267c-4d17-890f-2d76f7428fd9",
            "virtual_machine_scale_set_id": "",
            "vtpm_enabled": false,
            "zone": ""
          },
          "sensitive_attributes": [],
          "private": "eyJlMmJmYjczMC1lY2FhLTExZTYtOGY4OC0zNDM2M2JjN2M0YzAiOnsiY3JlYXRlIjoyNzAwMDAwMDAwMDAwLCJkZWxldGUiOjI3MDAwMDAwMDAwMDAsInJlYWQiOjMwMDAwMDAwMDAwMCwidXBkYXRlIjoyNzAwMDAwMDAwMDAwfX0=",
          "dependencies": [
            "azurerm_network_interface.my_terraform_nic",
            "azurerm_public_ip.my_terraform_public_ip",
            "azurerm_resource_group.rg",
            "azurerm_storage_account.my_storage_account",
            "azurerm_subnet.my_terraform_subnet",
            "azurerm_virtual_network.my_terraform_network",
            "random_id.random_id",
            "random_pet.rg_name",
            "tls_private_key.example_ssh"
          ]
        }
      ]
    },
    {
      "mode": "managed",
      "type": "azurerm_network_interface",
      "name": "my_terraform_nic",
      "provider": "provider[\"registry.terraform.io/hashicorp/azurerm\"]",
      "instances": [
        {
          "schema_version": 0,
          "attributes": {
            "applied_dns_servers": [],
            "dns_servers": [],
            "enable_accelerated_networking": false,
            "enable_ip_forwarding": false,
            "id": "/subscriptions/dfd9305e-9b3e-4306-863a-bc5c50d115ff/resourceGroups/rg-prepared-aphid/providers/Microsoft.Network/networkInterfaces/koschiNIC",
            "internal_dns_name_label": "",
            "internal_domain_name_suffix": "abgvctldl1tehc4otmmiipu22f.ax.internal.cloudapp.net",
            "ip_configuration": [
              {
                "gateway_load_balancer_frontend_ip_configuration_id": "",
                "name": "my_nic_configuration",
                "primary": true,
                "private_ip_address": "10.0.1.4",
                "private_ip_address_allocation": "Dynamic",
                "private_ip_address_version": "IPv4",
                "public_ip_address_id": "/subscriptions/dfd9305e-9b3e-4306-863a-bc5c50d115ff/resourceGroups/rg-prepared-aphid/providers/Microsoft.Network/publicIPAddresses/koschiPublicIP",
                "subnet_id": "/subscriptions/dfd9305e-9b3e-4306-863a-bc5c50d115ff/resourceGroups/rg-prepared-aphid/providers/Microsoft.Network/virtualNetworks/koschinet/subnets/koschisubnet"
              }
            ],
            "location": "westeurope",
            "mac_address": "",
            "name": "koschiNIC",
            "private_ip_address": "10.0.1.4",
            "private_ip_addresses": [
              "10.0.1.4"
            ],
            "resource_group_name": "rg-prepared-aphid",
            "tags": null,
            "timeouts": null,
            "virtual_machine_id": ""
          },
          "sensitive_attributes": [],
          "private": "eyJlMmJmYjczMC1lY2FhLTExZTYtOGY4OC0zNDM2M2JjN2M0YzAiOnsiY3JlYXRlIjoxODAwMDAwMDAwMDAwLCJkZWxldGUiOjE4MDAwMDAwMDAwMDAsInJlYWQiOjMwMDAwMDAwMDAwMCwidXBkYXRlIjoxODAwMDAwMDAwMDAwfX0=",
          "dependencies": [
            "azurerm_public_ip.my_terraform_public_ip",
            "azurerm_resource_group.rg",
            "azurerm_subnet.my_terraform_subnet",
            "azurerm_virtual_network.my_terraform_network",
            "random_pet.rg_name"
          ]
        }
      ]
    },
    {
      "mode": "managed",
      "type": "azurerm_network_interface_security_group_association",
      "name": "example",
      "provider": "provider[\"registry.terraform.io/hashicorp/azurerm\"]",
      "instances": [
        {
          "schema_version": 0,
          "attributes": {
            "id": "/subscriptions/dfd9305e-9b3e-4306-863a-bc5c50d115ff/resourceGroups/rg-prepared-aphid/providers/Microsoft.Network/networkInterfaces/koschiNIC|/subscriptions/dfd9305e-9b3e-4306-863a-bc5c50d115ff/resourceGroups/rg-prepared-aphid/providers/Microsoft.Network/networkSecurityGroups/koschiNSG",
            "network_interface_id": "/subscriptions/dfd9305e-9b3e-4306-863a-bc5c50d115ff/resourceGroups/rg-prepared-aphid/providers/Microsoft.Network/networkInterfaces/koschiNIC",
            "network_security_group_id": "/subscriptions/dfd9305e-9b3e-4306-863a-bc5c50d115ff/resourceGroups/rg-prepared-aphid/providers/Microsoft.Network/networkSecurityGroups/koschiNSG",
            "timeouts": null
          },
          "sensitive_attributes": [],
          "private": "eyJlMmJmYjczMC1lY2FhLTExZTYtOGY4OC0zNDM2M2JjN2M0YzAiOnsiY3JlYXRlIjoxODAwMDAwMDAwMDAwLCJkZWxldGUiOjE4MDAwMDAwMDAwMDAsInJlYWQiOjMwMDAwMDAwMDAwMCwidXBkYXRlIjoxODAwMDAwMDAwMDAwfX0=",
          "dependencies": [
            "azurerm_network_interface.my_terraform_nic",
            "azurerm_network_security_group.my_terraform_nsg",
            "azurerm_public_ip.my_terraform_public_ip",
            "azurerm_resource_group.rg",
            "azurerm_subnet.my_terraform_subnet",
            "azurerm_virtual_network.my_terraform_network",
            "random_pet.rg_name"
          ]
        }
      ]
    },
    {
      "mode": "managed",
      "type": "azurerm_network_security_group",
      "name": "my_terraform_nsg",
      "provider": "provider[\"registry.terraform.io/hashicorp/azurerm\"]",
      "instances": [
        {
          "schema_version": 0,
          "attributes": {
            "id": "/subscriptions/dfd9305e-9b3e-4306-863a-bc5c50d115ff/resourceGroups/rg-prepared-aphid/providers/Microsoft.Network/networkSecurityGroups/koschiNSG",
            "location": "westeurope",
            "name": "koschiNSG",
            "resource_group_name": "rg-prepared-aphid",
            "security_rule": [
              {
                "access": "Allow",
                "description": "",
                "destination_address_prefix": "*",
                "destination_address_prefixes": [],
                "destination_application_security_group_ids": [],
                "destination_port_range": "22",
                "destination_port_ranges": [],
                "direction": "Inbound",
                "name": "SSH",
                "priority": 1001,
                "protocol": "Tcp",
                "source_address_prefix": "*",
                "source_address_prefixes": [],
                "source_application_security_group_ids": [],
                "source_port_range": "*",
                "source_port_ranges": []
              }
            ],
            "tags": null,
            "timeouts": null
          },
          "sensitive_attributes": [],
          "private": "eyJlMmJmYjczMC1lY2FhLTExZTYtOGY4OC0zNDM2M2JjN2M0YzAiOnsiY3JlYXRlIjoxODAwMDAwMDAwMDAwLCJkZWxldGUiOjE4MDAwMDAwMDAwMDAsInJlYWQiOjMwMDAwMDAwMDAwMCwidXBkYXRlIjoxODAwMDAwMDAwMDAwfX0=",
          "dependencies": [
            "azurerm_resource_group.rg",
            "random_pet.rg_name"
          ]
        }
      ]
    },
    {
      "mode": "managed",
      "type": "azurerm_public_ip",
      "name": "my_terraform_public_ip",
      "provider": "provider[\"registry.terraform.io/hashicorp/azurerm\"]",
      "instances": [
        {
          "schema_version": 0,
          "attributes": {
            "allocation_method": "Dynamic",
            "availability_zone": "No-Zone",
            "domain_name_label": null,
            "fqdn": null,
            "id": "/subscriptions/dfd9305e-9b3e-4306-863a-bc5c50d115ff/resourceGroups/rg-prepared-aphid/providers/Microsoft.Network/publicIPAddresses/koschiPublicIP",
            "idle_timeout_in_minutes": 4,
            "ip_address": "",
            "ip_tags": null,
            "ip_version": "IPv4",
            "location": "westeurope",
            "name": "koschiPublicIP",
            "public_ip_prefix_id": null,
            "resource_group_name": "rg-prepared-aphid",
            "reverse_fqdn": null,
            "sku": "Basic",
            "sku_tier": "Regional",
            "tags": null,
            "timeouts": null,
            "zones": []
          },
          "sensitive_attributes": [],
          "private": "eyJlMmJmYjczMC1lY2FhLTExZTYtOGY4OC0zNDM2M2JjN2M0YzAiOnsiY3JlYXRlIjoxODAwMDAwMDAwMDAwLCJkZWxldGUiOjE4MDAwMDAwMDAwMDAsInJlYWQiOjMwMDAwMDAwMDAwMCwidXBkYXRlIjoxODAwMDAwMDAwMDAwfX0=",
          "dependencies": [
            "azurerm_resource_group.rg",
            "random_pet.rg_name"
          ]
        }
      ]
    },
    {
      "mode": "managed",
      "type": "azurerm_resource_group",
      "name": "rg",
      "provider": "provider[\"registry.terraform.io/hashicorp/azurerm\"]",
      "instances": [
        {
          "schema_version": 0,
          "attributes": {
            "id": "/subscriptions/dfd9305e-9b3e-4306-863a-bc5c50d115ff/resourceGroups/rg-prepared-aphid",
            "location": "westeurope",
            "name": "rg-prepared-aphid",
            "tags": null,
            "timeouts": null
          },
          "sensitive_attributes": [],
          "private": "eyJlMmJmYjczMC1lY2FhLTExZTYtOGY4OC0zNDM2M2JjN2M0YzAiOnsiY3JlYXRlIjo1NDAwMDAwMDAwMDAwLCJkZWxldGUiOjU0MDAwMDAwMDAwMDAsInJlYWQiOjMwMDAwMDAwMDAwMCwidXBkYXRlIjo1NDAwMDAwMDAwMDAwfX0=",
          "dependencies": [
            "random_pet.rg_name"
          ]
        }
      ]
    },
    {
      "mode": "managed",
      "type": "azurerm_storage_account",
      "name": "my_storage_account",
      "provider": "provider[\"registry.terraform.io/hashicorp/azurerm\"]",
      "instances": [
        {
          "schema_version": 2,
          "attributes": {
            "access_tier": "Hot",
            "account_kind": "StorageV2",
            "account_replication_type": "LRS",
            "account_tier": "Standard",
            "allow_blob_public_access": false,
            "azure_files_authentication": [],
            "blob_properties": [
              {
                "change_feed_enabled": false,
                "container_delete_retention_policy": [],
                "cors_rule": [],
                "default_service_version": "",
                "delete_retention_policy": [],
                "last_access_time_enabled": false,
                "versioning_enabled": false
              }
            ],
            "custom_domain": [],
            "customer_managed_key": [],
            "enable_https_traffic_only": true,
            "id": "/subscriptions/dfd9305e-9b3e-4306-863a-bc5c50d115ff/resourceGroups/rg-prepared-aphid/providers/Microsoft.Storage/storageAccounts/diag736f18c2986f9130",
            "identity": [],
            "infrastructure_encryption_enabled": false,
            "is_hns_enabled": false,
            "large_file_share_enabled": null,
            "location": "westeurope",
            "min_tls_version": "TLS1_0",
            "name": "diag736f18c2986f9130",
            "network_rules": [
              {
                "bypass": [
                  "AzureServices"
                ],
                "default_action": "Allow",
                "ip_rules": [],
                "private_link_access": [],
                "virtual_network_subnet_ids": []
              }
            ],
            "nfsv3_enabled": false,
            "primary_access_key": "koSnk3LTx+BBg7Fwjidro0B1YOjE7GSPXB8Ng4Hc+OCZ/NXp/uLPM3lXMYO128GbLdof7aJ6RqO2+ASt2FW0Ug==",
            "primary_blob_connection_string": "DefaultEndpointsProtocol=https;BlobEndpoint=https://diag736f18c2986f9130.blob.core.windows.net/;AccountName=diag736f18c2986f9130;AccountKey=koSnk3LTx+BBg7Fwjidro0B1YOjE7GSPXB8Ng4Hc+OCZ/NXp/uLPM3lXMYO128GbLdof7aJ6RqO2+ASt2FW0Ug==",
            "primary_blob_endpoint": "https://diag736f18c2986f9130.blob.core.windows.net/",
            "primary_blob_host": "diag736f18c2986f9130.blob.core.windows.net",
            "primary_connection_string": "DefaultEndpointsProtocol=https;AccountName=diag736f18c2986f9130;AccountKey=koSnk3LTx+BBg7Fwjidro0B1YOjE7GSPXB8Ng4Hc+OCZ/NXp/uLPM3lXMYO128GbLdof7aJ6RqO2+ASt2FW0Ug==;EndpointSuffix=core.windows.net",
            "primary_dfs_endpoint": "https://diag736f18c2986f9130.dfs.core.windows.net/",
            "primary_dfs_host": "diag736f18c2986f9130.dfs.core.windows.net",
            "primary_file_endpoint": "https://diag736f18c2986f9130.file.core.windows.net/",
            "primary_file_host": "diag736f18c2986f9130.file.core.windows.net",
            "primary_location": "westeurope",
            "primary_queue_endpoint": "https://diag736f18c2986f9130.queue.core.windows.net/",
            "primary_queue_host": "diag736f18c2986f9130.queue.core.windows.net",
            "primary_table_endpoint": "https://diag736f18c2986f9130.table.core.windows.net/",
            "primary_table_host": "diag736f18c2986f9130.table.core.windows.net",
            "primary_web_endpoint": "https://diag736f18c2986f9130.z6.web.core.windows.net/",
            "primary_web_host": "diag736f18c2986f9130.z6.web.core.windows.net",
            "queue_encryption_key_type": "Service",
            "queue_properties": [
              {
                "cors_rule": [],
                "hour_metrics": [
                  {
                    "enabled": true,
                    "include_apis": true,
                    "retention_policy_days": 7,
                    "version": "1.0"
                  }
                ],
                "logging": [
                  {
                    "delete": false,
                    "read": false,
                    "retention_policy_days": 0,
                    "version": "1.0",
                    "write": false
                  }
                ],
                "minute_metrics": [
                  {
                    "enabled": false,
                    "include_apis": false,
                    "retention_policy_days": 0,
                    "version": "1.0"
                  }
                ]
              }
            ],
            "resource_group_name": "rg-prepared-aphid",
            "routing": [],
            "secondary_access_key": "MIng9Iz9XrqDMm0vTiWU36+evZm21Vk6IwyOTfdmE25L4OzxdVrMOYmCY4Ly3XUKHlf/SRgdgDUw+ASt3nFknQ==",
            "secondary_blob_connection_string": "",
            "secondary_blob_endpoint": null,
            "secondary_blob_host": null,
            "secondary_connection_string": "DefaultEndpointsProtocol=https;AccountName=diag736f18c2986f9130;AccountKey=MIng9Iz9XrqDMm0vTiWU36+evZm21Vk6IwyOTfdmE25L4OzxdVrMOYmCY4Ly3XUKHlf/SRgdgDUw+ASt3nFknQ==;EndpointSuffix=core.windows.net",
            "secondary_dfs_endpoint": null,
            "secondary_dfs_host": null,
            "secondary_file_endpoint": null,
            "secondary_file_host": null,
            "secondary_location": "",
            "secondary_queue_endpoint": null,
            "secondary_queue_host": null,
            "secondary_table_endpoint": null,
            "secondary_table_host": null,
            "secondary_web_endpoint": null,
            "secondary_web_host": null,
            "share_properties": [
              {
                "cors_rule": [],
                "retention_policy": [
                  {
                    "days": 7
                  }
                ],
                "smb": []
              }
            ],
            "shared_access_key_enabled": true,
            "static_website": [],
            "table_encryption_key_type": "Service",
            "tags": null,
            "timeouts": null
          },
          "sensitive_attributes": [],
          "private": "eyJlMmJmYjczMC1lY2FhLTExZTYtOGY4OC0zNDM2M2JjN2M0YzAiOnsiY3JlYXRlIjozNjAwMDAwMDAwMDAwLCJkZWxldGUiOjM2MDAwMDAwMDAwMDAsInJlYWQiOjMwMDAwMDAwMDAwMCwidXBkYXRlIjozNjAwMDAwMDAwMDAwfSwic2NoZW1hX3ZlcnNpb24iOiIyIn0=",
          "dependencies": [
            "azurerm_resource_group.rg",
            "random_id.random_id",
            "random_pet.rg_name"
          ]
        }
      ]
    },
    {
      "mode": "managed",
      "type": "azurerm_subnet",
      "name": "my_terraform_subnet",
      "provider": "provider[\"registry.terraform.io/hashicorp/azurerm\"]",
      "instances": [
        {
          "schema_version": 0,
          "attributes": {
            "address_prefix": "10.0.1.0/24",
            "address_prefixes": [
              "10.0.1.0/24"
            ],
            "delegation": [],
            "enforce_private_link_endpoint_network_policies": false,
            "enforce_private_link_service_network_policies": false,
            "id": "/subscriptions/dfd9305e-9b3e-4306-863a-bc5c50d115ff/resourceGroups/rg-prepared-aphid/providers/Microsoft.Network/virtualNetworks/koschinet/subnets/koschisubnet",
            "name": "koschisubnet",
            "resource_group_name": "rg-prepared-aphid",
            "service_endpoint_policy_ids": null,
            "service_endpoints": null,
            "timeouts": null,
            "virtual_network_name": "koschinet"
          },
          "sensitive_attributes": [],
          "private": "eyJlMmJmYjczMC1lY2FhLTExZTYtOGY4OC0zNDM2M2JjN2M0YzAiOnsiY3JlYXRlIjoxODAwMDAwMDAwMDAwLCJkZWxldGUiOjE4MDAwMDAwMDAwMDAsInJlYWQiOjMwMDAwMDAwMDAwMCwidXBkYXRlIjoxODAwMDAwMDAwMDAwfX0=",
          "dependencies": [
            "azurerm_resource_group.rg",
            "azurerm_virtual_network.my_terraform_network",
            "random_pet.rg_name"
          ]
        }
      ]
    },
    {
      "mode": "managed",
      "type": "azurerm_virtual_network",
      "name": "my_terraform_network",
      "provider": "provider[\"registry.terraform.io/hashicorp/azurerm\"]",
      "instances": [
        {
          "schema_version": 0,
          "attributes": {
            "address_space": [
              "10.0.0.0/16"
            ],
            "bgp_community": "",
            "ddos_protection_plan": [],
            "dns_servers": [],
            "flow_timeout_in_minutes": 0,
            "guid": "4d514d00-5e63-43e6-8bce-9b18843e9ce5",
            "id": "/subscriptions/dfd9305e-9b3e-4306-863a-bc5c50d115ff/resourceGroups/rg-prepared-aphid/providers/Microsoft.Network/virtualNetworks/koschinet",
            "location": "westeurope",
            "name": "koschinet",
            "resource_group_name": "rg-prepared-aphid",
            "subnet": [],
            "tags": null,
            "timeouts": null,
            "vm_protection_enabled": false
          },
          "sensitive_attributes": [],
          "private": "eyJlMmJmYjczMC1lY2FhLTExZTYtOGY4OC0zNDM2M2JjN2M0YzAiOnsiY3JlYXRlIjoxODAwMDAwMDAwMDAwLCJkZWxldGUiOjE4MDAwMDAwMDAwMDAsInJlYWQiOjMwMDAwMDAwMDAwMCwidXBkYXRlIjoxODAwMDAwMDAwMDAwfX0=",
          "dependencies": [
            "azurerm_resource_group.rg",
            "random_pet.rg_name"
          ]
        }
      ]
    },
    {
      "mode": "managed",
      "type": "random_id",
      "name": "random_id",
      "provider": "provider[\"registry.terraform.io/hashicorp/random\"]",
      "instances": [
        {
          "schema_version": 0,
          "attributes": {
            "b64_std": "c28YwphvkTA=",
            "b64_url": "c28YwphvkTA",
            "byte_length": 8,
            "dec": "8317894260836766000",
            "hex": "736f18c2986f9130",
            "id": "c28YwphvkTA",
            "keepers": {
              "resource_group": "rg-prepared-aphid"
            },
            "prefix": null
          },
          "sensitive_attributes": [],
          "dependencies": [
            "azurerm_resource_group.rg",
            "random_pet.rg_name"
          ]
        }
      ]
    },
    {
      "mode": "managed",
      "type": "random_pet",
      "name": "rg_name",
      "provider": "provider[\"registry.terraform.io/hashicorp/random\"]",
      "instances": [
        {
          "schema_version": 0,
          "attributes": {
            "id": "rg-prepared-aphid",
            "keepers": null,
            "length": 2,
            "prefix": "rg",
            "separator": "-"
          },
          "sensitive_attributes": []
        }
      ]
    },
    {
      "mode": "managed",
      "type": "tls_private_key",
      "name": "example_ssh",
      "provider": "provider[\"registry.terraform.io/hashicorp/tls\"]",
      "instances": [
        {
          "schema_version": 1,
          "attributes": {
            "algorithm": "RSA",
            "ecdsa_curve": "P224",
            "id": "bb8b3c9f488f1d1693baf33740bd8f575dd35f91",
            "private_key_openssh": "-----BEGIN OPENSSH PRIVATE KEY-----\nb3BlbnNzaC1rZXktdjEAAAAABG5vbmUAAAAEbm9uZQAAAAAAAAABAAACFwAAAAdz\nc2gtcnNhAAAAAwEAAQAAAgEA0mnsKw4wIIJBEnlMKhXbUlfYji4J48yv1RET9/1k\nCbg2e6CmCNfK6V004iyWsoq84tOw12rHivWAEbraA0cTqyp312FUfIP0HLhn882p\nmSVs68IXU9hOVN/x4vbjTozgGh3OnLSWoD/AInDoXmlqk+qynPa0FUnf26SVWKHr\nDxN1w8pE2vNTiZcmT1muT37KuY9qJAsPUVDWMPz7OuFqqpUD+lyj5GeQxqc8zTbe\nVAi8M+bWB03nJyFXcedGKu9dTdme9ktRBHAV4nIPPhBkt6hdPeG/6ug8k+wnwaRd\npK/1X6wWagx5sET7QIXOXwO7H8KCasmmMdhyOiwYj7EJwqT42GPfMwFREJg5fISI\nKKeqYv+H9AJDQ/ZwCrCPs+8okHBnFz2wMZ8YhuQYlImZX+ypmu6SLSkzbsDIKnMG\nPB/H3To/kEGzLRP/QMZnnayVp5nufWW2hFjORobziWc3nGCC3vVouyknHK46d0Pz\nijI1fDBFUjnFSH6J/gw2xPQYCq0TMTxezHRKu7ISzckSB+nlgcRlRsKejoYaqoKn\nWCAi7KXn24ECc/wYXKajdTbgUN8QsFrZGl6h5tph0K7aFdvdix4UOF6QWJtxeR6n\n85AXhyDNWdeHTHjZAM+y2MDu7aM53m+f5lcyxVbskqf4sdEIO4OmvxO1HdH/Fm+J\ns4kAAAc4Kq4yayquMmsAAAAHc3NoLXJzYQAAAgEA0mnsKw4wIIJBEnlMKhXbUlfY\nji4J48yv1RET9/1kCbg2e6CmCNfK6V004iyWsoq84tOw12rHivWAEbraA0cTqyp3\n12FUfIP0HLhn882pmSVs68IXU9hOVN/x4vbjTozgGh3OnLSWoD/AInDoXmlqk+qy\nnPa0FUnf26SVWKHrDxN1w8pE2vNTiZcmT1muT37KuY9qJAsPUVDWMPz7OuFqqpUD\n+lyj5GeQxqc8zTbeVAi8M+bWB03nJyFXcedGKu9dTdme9ktRBHAV4nIPPhBkt6hd\nPeG/6ug8k+wnwaRdpK/1X6wWagx5sET7QIXOXwO7H8KCasmmMdhyOiwYj7EJwqT4\n2GPfMwFREJg5fISIKKeqYv+H9AJDQ/ZwCrCPs+8okHBnFz2wMZ8YhuQYlImZX+yp\nmu6SLSkzbsDIKnMGPB/H3To/kEGzLRP/QMZnnayVp5nufWW2hFjORobziWc3nGCC\n3vVouyknHK46d0PzijI1fDBFUjnFSH6J/gw2xPQYCq0TMTxezHRKu7ISzckSB+nl\ngcRlRsKejoYaqoKnWCAi7KXn24ECc/wYXKajdTbgUN8QsFrZGl6h5tph0K7aFdvd\nix4UOF6QWJtxeR6n85AXhyDNWdeHTHjZAM+y2MDu7aM53m+f5lcyxVbskqf4sdEI\nO4OmvxO1HdH/Fm+Js4kAAAADAQABAAACAFVuXk5I729zk1od17fKsgbn1ew8cxWD\nuOyIh5QL1L9BhRWC74btntxLVLp0IieRvwlVrBp6p1QbQ4lvVS85f5nin0/am8QG\ni2nR0ZsiqLaehG/gmToYvA0n8/0UAsyU1DSmX4oupG2iFK+nKiGTKYuvIiAq5oky\nOmrikySucVLossrw6C4B16woq4xSPDzYnRTkTtMdjnWUnbK8NID+nyFtaXUQghat\nmhGeO0iS+4ghF9D263WBwtWXavq7TTkHgNmn/yu+/sEPhUMwzlGDtHEBMgJ7E0Ic\nUuQ4YRf1VXQVYUocA+nA8POJvn2/FkBrsmE9x1f2Ub0xRYeq+bn1xqD9YsiLupA5\n7OA7ZlP/1z/Vi55VGY1u2qeisjs+WEl1e5e9dpWnujdngT9KcHcQCotJVxfWwGXj\nzVY9L58gGRrjnC6TGtlXNWsTpDoQFB9pHBUwfZYZBUCHEAaT3ZGICBCwurbdzGfz\nOMnQuG33fIe0/LED2VMSc/2094BEXIx2Ugc9zRlsz+xiEMzWtK7+qy2UKmMyuCyi\nIFBnijKHBfj/ryQ2qSsXH8Gs6F4RXh5cXKGQAp4ib5oaLcaJn2kgPnFvvnmDQjZW\no+c+ju8WOXH/U/A1lWZ8U7hVqhtVi102+4gmdWMYZsF6nTcKQPjvITz6OsGb65Yh\njtKucHn8TPYFAAABAGc3Gw832eDtSkDLyHkRbWjmZiyJbpeswXyAvqD8eO10AZmQ\nSsh4O2ms5+NhcBMDl5r1LCGPoEQxz4OmlRMPlSkFVo/aIr2ZPqxGUPx2DlPYTfTs\npPCdh24J700UHuDuGorBc3U5hVBUkPRo3Wbil7ZkVOMtqX81yr8dU418KfNBWMY7\nVOs+Mq0zdc1LMCg1EGAff9QQwYmCZm0UOh+AElXnDxl73JsTeXjUC9yVfywFWN/d\nlFuF/tzoJsJf+u0lN6RP5ENhWr4EmeKhNiq88QmxwlBdkjDzV6ZJWrJNZ8ADLBWt\nlq65Nnl4RH7+SD5FigXkDIgQvYPhp4YZZsrKPTMAAAEBAN+ID6/bmacWXBRRKhwj\nGqZPPZBg0fd2vONbAjxAyaCs4NRc7faN3Q7Obvg81VphakIWZysgOdmtb7x3eCSx\n+rKdfuzX44h9M8BT+cTnyLeOJX3t6Mr7ZRscBN2ukSFPLtadx4A6GumexkWN9DOS\nl+Jp8p+ppSsz6ccFXi/OsKECd70JQBZpcqIonqtbLh7TqkL4EqsZeKM9Jcwftmjy\n0DoW0a++g89j2s9g45+gLNzxfOm3B8ron/Zzyektr/Kcsm0fX0V+UPhuApNsP0/G\nu/CIKL0JP71F0rCmQ7gCqvC9oz+dofoVwCYN6bAMTjsaFPOGyxkhRkHmQzLh/frJ\nwWsAAAEBAPD6FUobcJgSJG5ynfy51hxC1evDPCsa0Sk2Fzd6/XRF7rFO5CFQ4lan\nj8Bf7BbpHS4Y7f6wENg2sQQV7fyM0QAc7SPDFlmIxJDV0FSN0NjJmugDevWJ0dub\nXMiGqCelDlo11VQ6buC2YeGxDlXnSiKSza9BuOSDw77PAqEk6Jve3VsxLGdWidGy\n1JiQS/XrURCS6IgV8csri/WTTF6CJYAVq1y0uy4EnBLiaSByzMvaWwm3Op/zb6mh\nszwN0fuT5GNX0psj31QaN5scdqYIyRePmqPJX52RcnT24MUTxp3+XctbG4xj9yIP\nvmGAE6CoHpZy7EIaPOtGVRxxPp+599sAAAAAAQID\n-----END OPENSSH PRIVATE KEY-----\n",
            "private_key_pem": "-----BEGIN RSA PRIVATE KEY-----\nMIIJKQIBAAKCAgEA0mnsKw4wIIJBEnlMKhXbUlfYji4J48yv1RET9/1kCbg2e6Cm\nCNfK6V004iyWsoq84tOw12rHivWAEbraA0cTqyp312FUfIP0HLhn882pmSVs68IX\nU9hOVN/x4vbjTozgGh3OnLSWoD/AInDoXmlqk+qynPa0FUnf26SVWKHrDxN1w8pE\n2vNTiZcmT1muT37KuY9qJAsPUVDWMPz7OuFqqpUD+lyj5GeQxqc8zTbeVAi8M+bW\nB03nJyFXcedGKu9dTdme9ktRBHAV4nIPPhBkt6hdPeG/6ug8k+wnwaRdpK/1X6wW\nagx5sET7QIXOXwO7H8KCasmmMdhyOiwYj7EJwqT42GPfMwFREJg5fISIKKeqYv+H\n9AJDQ/ZwCrCPs+8okHBnFz2wMZ8YhuQYlImZX+ypmu6SLSkzbsDIKnMGPB/H3To/\nkEGzLRP/QMZnnayVp5nufWW2hFjORobziWc3nGCC3vVouyknHK46d0PzijI1fDBF\nUjnFSH6J/gw2xPQYCq0TMTxezHRKu7ISzckSB+nlgcRlRsKejoYaqoKnWCAi7KXn\n24ECc/wYXKajdTbgUN8QsFrZGl6h5tph0K7aFdvdix4UOF6QWJtxeR6n85AXhyDN\nWdeHTHjZAM+y2MDu7aM53m+f5lcyxVbskqf4sdEIO4OmvxO1HdH/Fm+Js4kCAwEA\nAQKCAgBVbl5OSO9vc5NaHde3yrIG59XsPHMVg7jsiIeUC9S/QYUVgu+G7Z7cS1S6\ndCInkb8JVawaeqdUG0OJb1UvOX+Z4p9P2pvEBotp0dGbIqi2noRv4Jk6GLwNJ/P9\nFALMlNQ0pl+KLqRtohSvpyohkymLryIgKuaJMjpq4pMkrnFS6LLK8OguAdesKKuM\nUjw82J0U5E7THY51lJ2yvDSA/p8hbWl1EIIWrZoRnjtIkvuIIRfQ9ut1gcLVl2r6\nu005B4DZp/8rvv7BD4VDMM5Rg7RxATICexNCHFLkOGEX9VV0FWFKHAPpwPDzib59\nvxZAa7JhPcdX9lG9MUWHqvm59cag/WLIi7qQOezgO2ZT/9c/1YueVRmNbtqnorI7\nPlhJdXuXvXaVp7o3Z4E/SnB3EAqLSVcX1sBl481WPS+fIBka45wukxrZVzVrE6Q6\nEBQfaRwVMH2WGQVAhxAGk92RiAgQsLq23cxn8zjJ0Lht93yHtPyxA9lTEnP9tPeA\nRFyMdlIHPc0ZbM/sYhDM1rSu/qstlCpjMrgsoiBQZ4oyhwX4/68kNqkrFx/BrOhe\nEV4eXFyhkAKeIm+aGi3GiZ9pID5xb755g0I2VqPnPo7vFjlx/1PwNZVmfFO4Vaob\nVYtdNvuIJnVjGGbBep03CkD47yE8+jrBm+uWIY7SrnB5/Ez2BQKCAQEA34gPr9uZ\npxZcFFEqHCMapk89kGDR93a841sCPEDJoKzg1Fzt9o3dDs5u+DzVWmFqQhZnKyA5\n2a1vvHd4JLH6sp1+7NfjiH0zwFP5xOfIt44lfe3oyvtlGxwE3a6RIU8u1p3HgDoa\n6Z7GRY30M5KX4mnyn6mlKzPpxwVeL86woQJ3vQlAFmlyoiieq1suHtOqQvgSqxl4\noz0lzB+2aPLQOhbRr76Dz2Paz2Djn6As3PF86bcHyuif9nPJ6S2v8pyybR9fRX5Q\n+G4Ck2w/T8a78IgovQk/vUXSsKZDuAKq8L2jP52h+hXAJg3psAxOOxoU84bLGSFG\nQeZDMuH9+snBawKCAQEA8PoVShtwmBIkbnKd/LnWHELV68M8KxrRKTYXN3r9dEXu\nsU7kIVDiVqePwF/sFukdLhjt/rAQ2DaxBBXt/IzRABztI8MWWYjEkNXQVI3Q2Mma\n6AN69YnR25tcyIaoJ6UOWjXVVDpu4LZh4bEOVedKIpLNr0G45IPDvs8CoSTom97d\nWzEsZ1aJ0bLUmJBL9etREJLoiBXxyyuL9ZNMXoIlgBWrXLS7LgScEuJpIHLMy9pb\nCbc6n/NvqaGzPA3R+5PkY1fSmyPfVBo3mxx2pgjJF4+ao8lfnZFydPbgxRPGnf5d\ny1sbjGP3Ig++YYAToKgelnLsQho860ZVHHE+n7n32wKCAQEAkkqO0a3ryoGEs7tG\nzvFegJd9mB71a3pnNniaZuqTyrc50WIcTu8bTJRn5ciSbTsx+pyE2qGVmtO6O+MI\nWyOsCfevWLwV6n7ePrH21hpHr3G1McxhPW74BZz5xkd4Lg+PfN/38ACXGmxSILU9\nq/71rjVel4XEVhj8l8b4lFs2F7nwuWPzcHeEkYH6DfV3oq8uT/Pg69+Yp2TedtAO\nZnL7OfkzNEyAIVudmXk0n4SJt/PHp4Gk9PP3tKik7Rl8fFB3KZmNlYKM5XnB78+5\nQ7Gx0EKcPtNtxqaKtBesXCJK05GY5Ip6tpxDi+QxG4mCLYXtTk/aXdD8FSbotcVX\nnikqjwKCAQEAj/ITPY1emLhdosw8q3am+4LBHnAlROpj/uYcwDtro0US7D9f7rbO\nPU0ihZvG/3iIwbyKjhTGOyGQZAxlePL09chRr4cdlqYoJQxTwe5kztq++dD6ZinJ\nfhE0P2SQlf32sNRvdjzhdsH7fkGxeocKtdRToVj1BSvghd5Kh8/wUwux1oNtLt12\nvhjA/dFUTrYeWnQnCwNwyBhfJnayq9G6bOSE1H/xP+/o+y7b9VIeG7d3ojodfuZ/\n0SiSVFE9GbaiOuV/HMU05pwykylRhqTA2p4hlaz4vLrhUBUY9yB1CHOlu4/UyOv9\n+A7Hfp5vGwzSGLTVhDcAJNqChNbwvaDs+QKCAQBnNxsPN9ng7UpAy8h5EW1o5mYs\niW6XrMF8gL6g/HjtdAGZkErIeDtprOfjYXATA5ea9Swhj6BEMc+DppUTD5UpBVaP\n2iK9mT6sRlD8dg5T2E307KTwnYduCe9NFB7g7hqKwXN1OYVQVJD0aN1m4pe2ZFTj\nLal/Ncq/HVONfCnzQVjGO1TrPjKtM3XNSzAoNRBgH3/UEMGJgmZtFDofgBJV5w8Z\ne9ybE3l41AvclX8sBVjf3ZRbhf7c6CbCX/rtJTekT+RDYVq+BJnioTYqvPEJscJQ\nXZIw81emSVqyTWfAAywVrZauuTZ5eER+/kg+RYoF5AyIEL2D4aeGGWbKyj0z\n-----END RSA PRIVATE KEY-----\n",
            "private_key_pem_pkcs8": "-----BEGIN PRIVATE KEY-----\nMIIJQwIBADANBgkqhkiG9w0BAQEFAASCCS0wggkpAgEAAoICAQDSaewrDjAggkES\neUwqFdtSV9iOLgnjzK/VERP3/WQJuDZ7oKYI18rpXTTiLJayirzi07DXaseK9YAR\nutoDRxOrKnfXYVR8g/QcuGfzzamZJWzrwhdT2E5U3/Hi9uNOjOAaHc6ctJagP8Ai\ncOheaWqT6rKc9rQVSd/bpJVYoesPE3XDykTa81OJlyZPWa5Pfsq5j2okCw9RUNYw\n/Ps64WqqlQP6XKPkZ5DGpzzNNt5UCLwz5tYHTecnIVdx50Yq711N2Z72S1EEcBXi\ncg8+EGS3qF094b/q6DyT7CfBpF2kr/VfrBZqDHmwRPtAhc5fA7sfwoJqyaYx2HI6\nLBiPsQnCpPjYY98zAVEQmDl8hIgop6pi/4f0AkND9nAKsI+z7yiQcGcXPbAxnxiG\n5BiUiZlf7Kma7pItKTNuwMgqcwY8H8fdOj+QQbMtE/9AxmedrJWnme59ZbaEWM5G\nhvOJZzecYILe9Wi7KSccrjp3Q/OKMjV8MEVSOcVIfon+DDbE9BgKrRMxPF7MdEq7\nshLNyRIH6eWBxGVGwp6OhhqqgqdYICLspefbgQJz/BhcpqN1NuBQ3xCwWtkaXqHm\n2mHQrtoV292LHhQ4XpBYm3F5HqfzkBeHIM1Z14dMeNkAz7LYwO7tozneb5/mVzLF\nVuySp/ix0Qg7g6a/E7Ud0f8Wb4mziQIDAQABAoICAFVuXk5I729zk1od17fKsgbn\n1ew8cxWDuOyIh5QL1L9BhRWC74btntxLVLp0IieRvwlVrBp6p1QbQ4lvVS85f5ni\nn0/am8QGi2nR0ZsiqLaehG/gmToYvA0n8/0UAsyU1DSmX4oupG2iFK+nKiGTKYuv\nIiAq5okyOmrikySucVLossrw6C4B16woq4xSPDzYnRTkTtMdjnWUnbK8NID+nyFt\naXUQghatmhGeO0iS+4ghF9D263WBwtWXavq7TTkHgNmn/yu+/sEPhUMwzlGDtHEB\nMgJ7E0IcUuQ4YRf1VXQVYUocA+nA8POJvn2/FkBrsmE9x1f2Ub0xRYeq+bn1xqD9\nYsiLupA57OA7ZlP/1z/Vi55VGY1u2qeisjs+WEl1e5e9dpWnujdngT9KcHcQCotJ\nVxfWwGXjzVY9L58gGRrjnC6TGtlXNWsTpDoQFB9pHBUwfZYZBUCHEAaT3ZGICBCw\nurbdzGfzOMnQuG33fIe0/LED2VMSc/2094BEXIx2Ugc9zRlsz+xiEMzWtK7+qy2U\nKmMyuCyiIFBnijKHBfj/ryQ2qSsXH8Gs6F4RXh5cXKGQAp4ib5oaLcaJn2kgPnFv\nvnmDQjZWo+c+ju8WOXH/U/A1lWZ8U7hVqhtVi102+4gmdWMYZsF6nTcKQPjvITz6\nOsGb65YhjtKucHn8TPYFAoIBAQDfiA+v25mnFlwUUSocIxqmTz2QYNH3drzjWwI8\nQMmgrODUXO32jd0Ozm74PNVaYWpCFmcrIDnZrW+8d3gksfqynX7s1+OIfTPAU/nE\n58i3jiV97ejK+2UbHATdrpEhTy7WnceAOhrpnsZFjfQzkpfiafKfqaUrM+nHBV4v\nzrChAne9CUAWaXKiKJ6rWy4e06pC+BKrGXijPSXMH7Zo8tA6FtGvvoPPY9rPYOOf\noCzc8XzptwfK6J/2c8npLa/ynLJtH19FflD4bgKTbD9PxrvwiCi9CT+9RdKwpkO4\nAqrwvaM/naH6FcAmDemwDE47GhTzhssZIUZB5kMy4f36ycFrAoIBAQDw+hVKG3CY\nEiRucp38udYcQtXrwzwrGtEpNhc3ev10Re6xTuQhUOJWp4/AX+wW6R0uGO3+sBDY\nNrEEFe38jNEAHO0jwxZZiMSQ1dBUjdDYyZroA3r1idHbm1zIhqgnpQ5aNdVUOm7g\ntmHhsQ5V50oiks2vQbjkg8O+zwKhJOib3t1bMSxnVonRstSYkEv161EQkuiIFfHL\nK4v1k0xegiWAFatctLsuBJwS4mkgcszL2lsJtzqf82+pobM8DdH7k+RjV9KbI99U\nGjebHHamCMkXj5qjyV+dkXJ09uDFE8ad/l3LWxuMY/ciD75hgBOgqB6WcuxCGjzr\nRlUccT6fuffbAoIBAQCSSo7RrevKgYSzu0bO8V6Al32YHvVremc2eJpm6pPKtznR\nYhxO7xtMlGflyJJtOzH6nITaoZWa07o74whbI6wJ969YvBXqft4+sfbWGkevcbUx\nzGE9bvgFnPnGR3guD4983/fwAJcabFIgtT2r/vWuNV6XhcRWGPyXxviUWzYXufC5\nY/Nwd4SRgfoN9Xeiry5P8+Dr35inZN520A5mcvs5+TM0TIAhW52ZeTSfhIm388en\ngaT08/e0qKTtGXx8UHcpmY2VgozlecHvz7lDsbHQQpw+023Gpoq0F6xcIkrTkZjk\ninq2nEOL5DEbiYIthe1OT9pd0PwVJui1xVeeKSqPAoIBAQCP8hM9jV6YuF2izDyr\ndqb7gsEecCVE6mP+5hzAO2ujRRLsP1/uts49TSKFm8b/eIjBvIqOFMY7IZBkDGV4\n8vT1yFGvhx2WpiglDFPB7mTO2r750PpmKcl+ETQ/ZJCV/faw1G92POF2wft+QbF6\nhwq11FOhWPUFK+CF3kqHz/BTC7HWg20u3Xa+GMD90VROth5adCcLA3DIGF8mdrKr\n0bps5ITUf/E/7+j7Ltv1Uh4bt3eiOh1+5n/RKJJUUT0ZtqI65X8cxTTmnDKTKVGG\npMDaniGVrPi8uuFQFRj3IHUIc6W7j9TI6/34Dsd+nm8bDNIYtNWENwAk2oKE1vC9\noOz5AoIBAGc3Gw832eDtSkDLyHkRbWjmZiyJbpeswXyAvqD8eO10AZmQSsh4O2ms\n5+NhcBMDl5r1LCGPoEQxz4OmlRMPlSkFVo/aIr2ZPqxGUPx2DlPYTfTspPCdh24J\n700UHuDuGorBc3U5hVBUkPRo3Wbil7ZkVOMtqX81yr8dU418KfNBWMY7VOs+Mq0z\ndc1LMCg1EGAff9QQwYmCZm0UOh+AElXnDxl73JsTeXjUC9yVfywFWN/dlFuF/tzo\nJsJf+u0lN6RP5ENhWr4EmeKhNiq88QmxwlBdkjDzV6ZJWrJNZ8ADLBWtlq65Nnl4\nRH7+SD5FigXkDIgQvYPhp4YZZsrKPTM=\n-----END PRIVATE KEY-----\n",
            "public_key_fingerprint_md5": "b9:a1:1f:6f:07:f9:d5:84:80:d5:56:3a:f1:b8:bd:45",
            "public_key_fingerprint_sha256": "SHA256:ieeXb7jyC6CVAGEoWp/rE2NPYLUUstJxHrvdCyryqDg",
            "public_key_openssh": "ssh-rsa AAAAB3NzaC1yc2EAAAADAQABAAACAQDSaewrDjAggkESeUwqFdtSV9iOLgnjzK/VERP3/WQJuDZ7oKYI18rpXTTiLJayirzi07DXaseK9YARutoDRxOrKnfXYVR8g/QcuGfzzamZJWzrwhdT2E5U3/Hi9uNOjOAaHc6ctJagP8AicOheaWqT6rKc9rQVSd/bpJVYoesPE3XDykTa81OJlyZPWa5Pfsq5j2okCw9RUNYw/Ps64WqqlQP6XKPkZ5DGpzzNNt5UCLwz5tYHTecnIVdx50Yq711N2Z72S1EEcBXicg8+EGS3qF094b/q6DyT7CfBpF2kr/VfrBZqDHmwRPtAhc5fA7sfwoJqyaYx2HI6LBiPsQnCpPjYY98zAVEQmDl8hIgop6pi/4f0AkND9nAKsI+z7yiQcGcXPbAxnxiG5BiUiZlf7Kma7pItKTNuwMgqcwY8H8fdOj+QQbMtE/9AxmedrJWnme59ZbaEWM5GhvOJZzecYILe9Wi7KSccrjp3Q/OKMjV8MEVSOcVIfon+DDbE9BgKrRMxPF7MdEq7shLNyRIH6eWBxGVGwp6OhhqqgqdYICLspefbgQJz/BhcpqN1NuBQ3xCwWtkaXqHm2mHQrtoV292LHhQ4XpBYm3F5HqfzkBeHIM1Z14dMeNkAz7LYwO7tozneb5/mVzLFVuySp/ix0Qg7g6a/E7Ud0f8Wb4mziQ==\n",
            "public_key_pem": "-----BEGIN PUBLIC KEY-----\nMIICIjANBgkqhkiG9w0BAQEFAAOCAg8AMIICCgKCAgEA0mnsKw4wIIJBEnlMKhXb\nUlfYji4J48yv1RET9/1kCbg2e6CmCNfK6V004iyWsoq84tOw12rHivWAEbraA0cT\nqyp312FUfIP0HLhn882pmSVs68IXU9hOVN/x4vbjTozgGh3OnLSWoD/AInDoXmlq\nk+qynPa0FUnf26SVWKHrDxN1w8pE2vNTiZcmT1muT37KuY9qJAsPUVDWMPz7OuFq\nqpUD+lyj5GeQxqc8zTbeVAi8M+bWB03nJyFXcedGKu9dTdme9ktRBHAV4nIPPhBk\nt6hdPeG/6ug8k+wnwaRdpK/1X6wWagx5sET7QIXOXwO7H8KCasmmMdhyOiwYj7EJ\nwqT42GPfMwFREJg5fISIKKeqYv+H9AJDQ/ZwCrCPs+8okHBnFz2wMZ8YhuQYlImZ\nX+ypmu6SLSkzbsDIKnMGPB/H3To/kEGzLRP/QMZnnayVp5nufWW2hFjORobziWc3\nnGCC3vVouyknHK46d0PzijI1fDBFUjnFSH6J/gw2xPQYCq0TMTxezHRKu7ISzckS\nB+nlgcRlRsKejoYaqoKnWCAi7KXn24ECc/wYXKajdTbgUN8QsFrZGl6h5tph0K7a\nFdvdix4UOF6QWJtxeR6n85AXhyDNWdeHTHjZAM+y2MDu7aM53m+f5lcyxVbskqf4\nsdEIO4OmvxO1HdH/Fm+Js4kCAwEAAQ==\n-----END PUBLIC KEY-----\n",
            "rsa_bits": 4096
          },
          "sensitive_attributes": []
        }
      ]
    }
  ],
  "check_results": []
}
